
Microsoft Visual Studio Solution File, Format Version 12.00
# Visual Studio 15
VisualStudioVersion = 15.0.27703.2026
MinimumVisualStudioVersion = 10.0.40219.1
Project("{FAE04EC0-301F-11D3-BF4B-00C04F79EFBC}") = "hwapp", "hwapp\hwapp.csproj", "{59629621-BE16-4B6C-9259-267DCCDE48AA}"
EndProject
Global
	GlobalSection(SolutionConfigurationPlatforms) = preSolution
		Debug|Any CPU = Debug|Any CPU
		Release|Any CPU = Release|Any CPU
	EndGlobalSection
	GlobalSection(ProjectConfigurationPlatforms) = postSolution
		{59629621-BE16-4B6C-9259-267DCCDE48AA}.Debug|Any CPU.ActiveCfg = Debug|Any CPU
		{59629621-BE16-4B6C-9259-267DCCDE48AA}.Debug|Any CPU.Build.0 = Debug|Any CPU
		{59629621-BE16-4B6C-9259-267DCCDE48AA}.Release|Any CPU.ActiveCfg = Release|Any CPU
		{59629621-BE16-4B6C-9259-267DCCDE48AA}.Release|Any CPU.Build.0 = Release|Any CPU
	EndGlobalSection
	GlobalSection(SolutionProperties) = preSolution
		HideSolutionNode = FALSE
	EndGlobalSection
	GlobalSection(ExtensibilityGlobals) = postSolution
		SolutionGuid = {063589C3-3FF5-4E1A-BEB0-CB2F2877B950}
	EndGlobalSection
EndGlobal
